
Microsoft Visual Studio Solution File, Format Version 12.00
# Visual Studio 15
VisualStudioVersion = 15.0.28307.705
MinimumVisualStudioVersion = 10.0.40219.1
Project("{8BC9CEB8-8B4A-11D0-8D11-00A0C91BC942}") = "BaseTexture", "BaseTexture\BaseTexture.vcxproj", "{D63C68AA-8760-4CCE-B0A2-71AF0A76EC89}"
EndProject
Global
	GlobalSection(SolutionConfigurationPlatforms) = preSolution
		Debug|x64 = Debug|x64
		Debug|x86 = Debug|x86
		Release|x64 = Release|x64
		Release|x86 = Release|x86
	EndGlobalSection
	GlobalSection(ProjectConfigurationPlatforms) = postSolution
		{D63C68AA-8760-4CCE-B0A2-71AF0A76EC89}.Debug|x64.ActiveCfg = Debug|x64
		{D63C68AA-8760-4CCE-B0A2-71AF0A76EC89}.Debug|x64.Build.0 = Debug|x64
		{D63C68AA-8760-4CCE-B0A2-71AF0A76EC89}.Debug|x86.ActiveCfg = Debug|Win32
		{D63C68AA-8760-4CCE-B0A2-71AF0A76EC89}.Debug|x86.Build.0 = Debug|Win32
		{D63C68AA-8760-4CCE-B0A2-71AF0A76EC89}.Release|x64.ActiveCfg = Release|x64
		{D63C68AA-8760-4CCE-B0A2-71AF0A76EC89}.Release|x64.Build.0 = Release|x64
		{D63C68AA-8760-4CCE-B0A2-71AF0A76EC89}.Release|x86.ActiveCfg = Release|Win32
		{D63C68AA-8760-4CCE-B0A2-71AF0A76EC89}.Release|x86.Build.0 = Release|Win32
	EndGlobalSection
	GlobalSection(SolutionProperties) = preSolution
		HideSolutionNode = FALSE
	EndGlobalSection
	GlobalSection(ExtensibilityGlobals) = postSolution
		SolutionGuid = {AAF3CF92-DFE8-4F6F-9079-A225FF2C7A39}
	EndGlobalSection
EndGlobal
